
Microsoft Visual Studio Solution File, Format Version 12.00
# Visual Studio Version 16
VisualStudioVersion = 16.0.31605.320
MinimumVisualStudioVersion = 10.0.40219.1
Project("{FAE04EC0-301F-11D3-BF4B-00C04F79EFBC}") = "DupApp.Android", "DupApp\DupApp.Android\DupApp.Android.csproj", "{39780467-40F6-4B62-BDB0-5074F8C25CDD}"
EndProject
Project("{FAE04EC0-301F-11D3-BF4B-00C04F79EFBC}") = "DupApp", "DupApp\DupApp\DupApp.csproj", "{06815FAE-3D41-4115-B9E8-C6E7C42C6F5B}"
EndProject
Project("{2150E333-8FDC-42A3-9474-1A3956D46DE8}") = "Solution Items", "Solution Items", "{7106CB9A-6A7C-4EFD-95EB-DDBD9B51849A}"
	ProjectSection(SolutionItems) = preProject
		readme.md = readme.md
	EndProjectSection
EndProject
Global
	GlobalSection(SolutionConfigurationPlatforms) = preSolution
		Debug|Any CPU = Debug|Any CPU
		Release|Any CPU = Release|Any CPU
	EndGlobalSection
	GlobalSection(ProjectConfigurationPlatforms) = postSolution
		{39780467-40F6-4B62-BDB0-5074F8C25CDD}.Debug|Any CPU.ActiveCfg = Debug|Any CPU
		{39780467-40F6-4B62-BDB0-5074F8C25CDD}.Debug|Any CPU.Build.0 = Debug|Any CPU
		{39780467-40F6-4B62-BDB0-5074F8C25CDD}.Debug|Any CPU.Deploy.0 = Debug|Any CPU
		{39780467-40F6-4B62-BDB0-5074F8C25CDD}.Release|Any CPU.ActiveCfg = Release|Any CPU
		{39780467-40F6-4B62-BDB0-5074F8C25CDD}.Release|Any CPU.Build.0 = Release|Any CPU
		{39780467-40F6-4B62-BDB0-5074F8C25CDD}.Release|Any CPU.Deploy.0 = Release|Any CPU
		{06815FAE-3D41-4115-B9E8-C6E7C42C6F5B}.Debug|Any CPU.ActiveCfg = Debug|Any CPU
		{06815FAE-3D41-4115-B9E8-C6E7C42C6F5B}.Debug|Any CPU.Build.0 = Debug|Any CPU
		{06815FAE-3D41-4115-B9E8-C6E7C42C6F5B}.Debug|Any CPU.Deploy.0 = Debug|Any CPU
		{06815FAE-3D41-4115-B9E8-C6E7C42C6F5B}.Release|Any CPU.ActiveCfg = Release|Any CPU
		{06815FAE-3D41-4115-B9E8-C6E7C42C6F5B}.Release|Any CPU.Build.0 = Release|Any CPU
		{06815FAE-3D41-4115-B9E8-C6E7C42C6F5B}.Release|Any CPU.Deploy.0 = Release|Any CPU
	EndGlobalSection
	GlobalSection(SolutionProperties) = preSolution
		HideSolutionNode = FALSE
	EndGlobalSection
	GlobalSection(ExtensibilityGlobals) = postSolution
		SolutionGuid = {7FE31B83-F412-4D1E-9D94-4BA470639B8F}
	EndGlobalSection
EndGlobal
